
Microsoft Visual Studio Solution File, Format Version 12.00
# Visual Studio Version 18
VisualStudioVersion = 18.1.11304.174 d18.0
MinimumVisualStudioVersion = 10.0.40219.1
Project("{FAE04EC0-301F-11D3-BF4B-00C04F79EFBC}") = "mcarthey.com", "mcarthey.com.csproj", "{77C061D4-8206-53A6-0186-30A8194F0F08}"
EndProject
Global
	GlobalSection(SolutionConfigurationPlatforms) = preSolution
		Debug|Any CPU = Debug|Any CPU
		Release|Any CPU = Release|Any CPU
	EndGlobalSection
	GlobalSection(ProjectConfigurationPlatforms) = postSolution
		{77C061D4-8206-53A6-0186-30A8194F0F08}.Debug|Any CPU.ActiveCfg = Debug|Any CPU
		{77C061D4-8206-53A6-0186-30A8194F0F08}.Debug|Any CPU.Build.0 = Debug|Any CPU
		{77C061D4-8206-53A6-0186-30A8194F0F08}.Release|Any CPU.ActiveCfg = Release|Any CPU
		{77C061D4-8206-53A6-0186-30A8194F0F08}.Release|Any CPU.Build.0 = Release|Any CPU
	EndGlobalSection
	GlobalSection(SolutionProperties) = preSolution
		HideSolutionNode = FALSE
	EndGlobalSection
	GlobalSection(ExtensibilityGlobals) = postSolution
		SolutionGuid = {7F18E802-0C06-4235-9152-BC501D172533}
	EndGlobalSection
EndGlobal
